
Microsoft Visual Studio Solution File, Format Version 12.00
# Visual Studio Version 16
VisualStudioVersion = 16.0.30523.141
MinimumVisualStudioVersion = 10.0.40219.1
Project("{9A19103F-16F7-4668-BE54-9A1E7A4F7556}") = "BoPlats", "BoPlats\BoPlats.csproj", "{F82E47FC-CF8F-4AA7-ABA6-B89555145678}"
EndProject
Global
	GlobalSection(SolutionConfigurationPlatforms) = preSolution
		Debug|Any CPU = Debug|Any CPU
		Release|Any CPU = Release|Any CPU
	EndGlobalSection
	GlobalSection(ProjectConfigurationPlatforms) = postSolution
		{F82E47FC-CF8F-4AA7-ABA6-B89555145678}.Debug|Any CPU.ActiveCfg = Debug|Any CPU
		{F82E47FC-CF8F-4AA7-ABA6-B89555145678}.Debug|Any CPU.Build.0 = Debug|Any CPU
		{F82E47FC-CF8F-4AA7-ABA6-B89555145678}.Release|Any CPU.ActiveCfg = Release|Any CPU
		{F82E47FC-CF8F-4AA7-ABA6-B89555145678}.Release|Any CPU.Build.0 = Release|Any CPU
	EndGlobalSection
	GlobalSection(SolutionProperties) = preSolution
		HideSolutionNode = FALSE
	EndGlobalSection
	GlobalSection(ExtensibilityGlobals) = postSolution
		SolutionGuid = {86C4864D-3523-46CA-83C9-0B53B125994D}
	EndGlobalSection
EndGlobal
